{
  "name": "08-use-published",
  "version": "1.0.0",
  "lockfileVersion": 1,
  "requires": true,
  "dependencies": {
    "simon-k-greetme": {
      "version": "1.1.1",
      "resolved": "https://registry.npmjs.org/simon-k-greetme/-/simon-k-greetme-1.1.1.tgz",
      "integrity": "sha512-ZrNzCtzUzcvv2F0lHbnm5mzuLxBVBxR7xbgboiLGzlYyHkgjyHjIHn6TL7ALRsAvKczQWfec+PZXeya3PgamMA=="
    }
  }
}
